{
  "version": 4,
  "terraform_version": "1.6.6",
  "serial": 970,
  "lineage": "03c0db28-8fcd-60a6-56d6-23a840d27570",
  "outputs": {
    "ALBSecurityGroup": {
      "value": "sg-05f673bb4c9e00f06",
      "type": "string"
    },
    "EFSAccessPoint": {
      "value": "fsap-01b7a6f1c80d74eeb",
      "type": "string"
    },
    "EFSId": {
      "value": "fs-06c5200ff582acced",
      "type": "string"
    },
    "PrivateSubnet0": {
      "value": "subnet-0a97d86f769a7edc8",
      "type": "string"
    },
    "PrivateSubnet1": {
      "value": "subnet-0df5724c65482efe3",
      "type": "string"
    },
    "PublicSubnet0": {
      "value": "subnet-04b7ad328702975ea",
      "type": "string"
    },
    "PublicSubnet1": {
      "value": "subnet-04dc08497303805b6",
      "type": "string"
    },
    "RDSEndpointAddress": {
      "value": "wp-db-1.cvugyuaq2px3.eu-west-1.rds.amazonaws.com:3306",
      "type": "string"
    },
    "VPCid": {
      "value": "vpc-01b7bd99132667f66",
      "type": "string"
    },
    "WordpressTargetGroup": {
      "value": "WordpressTargetGroup",
      "type": "string"
    }
  },
  "resources": [
    {
      "mode": "data",
      "type": "aws_iam_role",
      "name": "ecs_task_execution_role",
      "provider": "provider[\"registry.terraform.io/hashicorp/aws\"]",
      "instances": [
        {
          "schema_version": 0,
          "attributes": {
            "arn": "arn:aws:iam::934152901962:role/ecsTaskExecutionRole",
            "assume_role_policy": "{\"Version\":\"2008-10-17\",\"Statement\":[{\"Sid\":\"\",\"Effect\":\"Allow\",\"Principal\":{\"Service\":\"ecs-tasks.amazonaws.com\"},\"Action\":\"sts:AssumeRole\"}]}",
            "create_date": "2022-09-29T14:51:48Z",
            "description": "",
            "id": "ecsTaskExecutionRole",
            "max_session_duration": 3600,
            "name": "ecsTaskExecutionRole",
            "path": "/",
            "permissions_boundary": "",
            "role_last_used": [
              {
                "last_used_date": "2024-01-18T21:20:57Z",
                "region": "eu-west-1"
              }
            ],
            "tags": {},
            "unique_id": "AROA5S762CVFDELJLE22D"
          },
          "sensitive_attributes": []
        }
      ]
    },
    {
      "mode": "managed",
      "type": "aws_alb",
      "name": "wordpress-alb",
      "provider": "provider[\"registry.terraform.io/hashicorp/aws\"]",
      "instances": [
        {
          "schema_version": 0,
          "attributes": {
            "access_logs": [
              {
                "bucket": "",
                "enabled": false,
                "prefix": ""
              }
            ],
            "arn": "arn:aws:elasticloadbalancing:eu-west-1:934152901962:loadbalancer/app/wof-load-balancer/2b6106dba4c18faa",
            "arn_suffix": "app/wof-load-balancer/2b6106dba4c18faa",
            "connection_logs": [
              {
                "bucket": "",
                "enabled": false,
                "prefix": ""
              }
            ],
            "customer_owned_ipv4_pool": "",
            "desync_mitigation_mode": "defensive",
            "dns_name": "wof-load-balancer-1367620403.eu-west-1.elb.amazonaws.com",
            "dns_record_client_routing_policy": null,
            "drop_invalid_header_fields": false,
            "enable_cross_zone_load_balancing": true,
            "enable_deletion_protection": false,
            "enable_http2": true,
            "enable_tls_version_and_cipher_suite_headers": false,
            "enable_waf_fail_open": false,
            "enable_xff_client_port": false,
            "enforce_security_group_inbound_rules_on_private_link_traffic": "",
            "id": "arn:aws:elasticloadbalancing:eu-west-1:934152901962:loadbalancer/app/wof-load-balancer/2b6106dba4c18faa",
            "idle_timeout": 60,
            "internal": false,
            "ip_address_type": "ipv4",
            "load_balancer_type": "application",
            "name": "wof-load-balancer",
            "name_prefix": "",
            "preserve_host_header": false,
            "security_groups": [
              "sg-05f673bb4c9e00f06"
            ],
            "subnet_mapping": [
              {
                "allocation_id": "",
                "ipv6_address": "",
                "outpost_id": "",
                "private_ipv4_address": "",
                "subnet_id": "subnet-04b7ad328702975ea"
              },
              {
                "allocation_id": "",
                "ipv6_address": "",
                "outpost_id": "",
                "private_ipv4_address": "",
                "subnet_id": "subnet-04dc08497303805b6"
              }
            ],
            "subnets": [
              "subnet-04b7ad328702975ea",
              "subnet-04dc08497303805b6"
            ],
            "tags": {},
            "tags_all": {},
            "timeouts": null,
            "vpc_id": "vpc-01b7bd99132667f66",
            "xff_header_processing_mode": "append",
            "zone_id": "Z32O12XQLNTSW2"
          },
          "sensitive_attributes": [],
          "private": "eyJlMmJmYjczMC1lY2FhLTExZTYtOGY4OC0zNDM2M2JjN2M0YzAiOnsiY3JlYXRlIjo2MDAwMDAwMDAwMDAsImRlbGV0ZSI6NjAwMDAwMDAwMDAwLCJ1cGRhdGUiOjYwMDAwMDAwMDAwMH19",
          "dependencies": [
            "aws_security_group.ALB",
            "aws_subnet.PublicSubnet0",
            "aws_subnet.PublicSubnet1",
            "aws_vpc.vpc-eu-west-1-dev-web-app"
          ]
        }
      ]
    },
    {
      "mode": "managed",
      "type": "aws_alb_listener",
      "name": "ALBListener",
      "provider": "provider[\"registry.terraform.io/hashicorp/aws\"]",
      "instances": [
        {
          "schema_version": 0,
          "attributes": {
            "alpn_policy": null,
            "arn": "arn:aws:elasticloadbalancing:eu-west-1:934152901962:listener/app/wof-load-balancer/2b6106dba4c18faa/87162d240e87142a",
            "certificate_arn": null,
            "default_action": [
              {
                "authenticate_cognito": [],
                "authenticate_oidc": [],
                "fixed_response": [],
                "forward": [],
                "order": 1,
                "redirect": [],
                "target_group_arn": "arn:aws:elasticloadbalancing:eu-west-1:934152901962:targetgroup/WordpressTargetGroup/2bf678a67a3f44e0",
                "type": "forward"
              }
            ],
            "id": "arn:aws:elasticloadbalancing:eu-west-1:934152901962:listener/app/wof-load-balancer/2b6106dba4c18faa/87162d240e87142a",
            "load_balancer_arn": "arn:aws:elasticloadbalancing:eu-west-1:934152901962:loadbalancer/app/wof-load-balancer/2b6106dba4c18faa",
            "mutual_authentication": [],
            "port": 80,
            "protocol": "HTTP",
            "ssl_policy": "",
            "tags": {},
            "tags_all": {},
            "timeouts": null
          },
          "sensitive_attributes": [],
          "private": "eyJlMmJmYjczMC1lY2FhLTExZTYtOGY4OC0zNDM2M2JjN2M0YzAiOnsiY3JlYXRlIjozMDAwMDAwMDAwMDAsInVwZGF0ZSI6MzAwMDAwMDAwMDAwfX0=",
          "dependencies": [
            "aws_alb.wordpress-alb",
            "aws_alb_target_group.wordpress-target-group",
            "aws_security_group.ALB",
            "aws_subnet.PublicSubnet0",
            "aws_subnet.PublicSubnet1",
            "aws_vpc.vpc-eu-west-1-dev-web-app"
          ]
        }
      ]
    },
    {
      "mode": "managed",
      "type": "aws_alb_target_group",
      "name": "wordpress-target-group",
      "provider": "provider[\"registry.terraform.io/hashicorp/aws\"]",
      "instances": [
        {
          "schema_version": 0,
          "attributes": {
            "arn": "arn:aws:elasticloadbalancing:eu-west-1:934152901962:targetgroup/WordpressTargetGroup/2bf678a67a3f44e0",
            "arn_suffix": "targetgroup/WordpressTargetGroup/2bf678a67a3f44e0",
            "connection_termination": null,
            "deregistration_delay": "300",
            "health_check": [
              {
                "enabled": true,
                "healthy_threshold": 3,
                "interval": 30,
                "matcher": "200",
                "path": "/",
                "port": "8080",
                "protocol": "HTTP",
                "timeout": 5,
                "unhealthy_threshold": 3
              }
            ],
            "id": "arn:aws:elasticloadbalancing:eu-west-1:934152901962:targetgroup/WordpressTargetGroup/2bf678a67a3f44e0",
            "ip_address_type": "ipv4",
            "lambda_multi_value_headers_enabled": false,
            "load_balancing_algorithm_type": "round_robin",
            "load_balancing_anomaly_mitigation": "off",
            "load_balancing_cross_zone_enabled": "use_load_balancer_configuration",
            "name": "WordpressTargetGroup",
            "name_prefix": "",
            "port": 8080,
            "preserve_client_ip": null,
            "protocol": "HTTP",
            "protocol_version": "HTTP1",
            "proxy_protocol_v2": false,
            "slow_start": 0,
            "stickiness": [
              {
                "cookie_duration": 86400,
                "cookie_name": "",
                "enabled": true,
                "type": "lb_cookie"
              }
            ],
            "tags": {},
            "tags_all": {},
            "target_failover": [
              {
                "on_deregistration": null,
                "on_unhealthy": null
              }
            ],
            "target_health_state": [
              {
                "enable_unhealthy_connection_termination": null
              }
            ],
            "target_type": "ip",
            "vpc_id": "vpc-01b7bd99132667f66"
          },
          "sensitive_attributes": [],
          "private": "bnVsbA==",
          "dependencies": [
            "aws_vpc.vpc-eu-west-1-dev-web-app"
          ]
        }
      ]
    },
    {
      "mode": "managed",
      "type": "aws_db_instance",
      "name": "wp-db1",
      "provider": "provider[\"registry.terraform.io/hashicorp/aws\"]",
      "instances": [
        {
          "schema_version": 2,
          "attributes": {
            "address": "wp-db-1.cvugyuaq2px3.eu-west-1.rds.amazonaws.com",
            "allocated_storage": 20,
            "allow_major_version_upgrade": null,
            "apply_immediately": true,
            "arn": "arn:aws:rds:eu-west-1:934152901962:db:wp-db-1",
            "auto_minor_version_upgrade": true,
            "availability_zone": "eu-west-1b",
            "backup_retention_period": 0,
            "backup_target": "region",
            "backup_window": "04:04-04:34",
            "blue_green_update": [],
            "ca_cert_identifier": "rds-ca-2019",
            "character_set_name": "",
            "copy_tags_to_snapshot": false,
            "custom_iam_instance_profile": "",
            "customer_owned_ip_enabled": false,
            "db_name": "wordpress",
            "db_subnet_group_name": "wordpress-db-subnet-group",
            "delete_automated_backups": true,
            "deletion_protection": false,
            "domain": "",
            "domain_iam_role_name": "",
            "enabled_cloudwatch_logs_exports": [],
            "endpoint": "wp-db-1.cvugyuaq2px3.eu-west-1.rds.amazonaws.com:3306",
            "engine": "mysql",
            "engine_version": "8.0.35",
            "engine_version_actual": "8.0.35",
            "final_snapshot_identifier": null,
            "hosted_zone_id": "Z29XKXDKYMONMX",
            "iam_database_authentication_enabled": false,
            "id": "db-KSZJAUBJ7SW6WHQ5X6AOUX4YPM",
            "identifier": "wp-db-1",
            "identifier_prefix": "",
            "instance_class": "db.t3.micro",
            "iops": 0,
            "kms_key_id": "",
            "latest_restorable_time": "",
            "license_model": "general-public-license",
            "listener_endpoint": [],
            "maintenance_window": "tue:03:25-tue:03:55",
            "manage_master_user_password": null,
            "master_user_secret": [],
            "master_user_secret_kms_key_id": null,
            "max_allocated_storage": 0,
            "monitoring_interval": 0,
            "monitoring_role_arn": "",
            "multi_az": false,
            "nchar_character_set_name": "",
            "network_type": "IPV4",
            "option_group_name": "default:mysql-8-0",
            "parameter_group_name": "default.mysql8.0",
            "password": "bitnami_password",
            "performance_insights_enabled": false,
            "performance_insights_kms_key_id": "",
            "performance_insights_retention_period": 0,
            "port": 3306,
            "publicly_accessible": false,
            "replica_mode": "",
            "replicas": [],
            "replicate_source_db": "",
            "resource_id": "db-KSZJAUBJ7SW6WHQ5X6AOUX4YPM",
            "restore_to_point_in_time": [],
            "s3_import": [],
            "skip_final_snapshot": true,
            "snapshot_identifier": null,
            "status": "available",
            "storage_encrypted": false,
            "storage_throughput": 0,
            "storage_type": "gp2",
            "tags": {},
            "tags_all": {},
            "timeouts": null,
            "timezone": "",
            "username": "bitnami",
            "vpc_security_group_ids": [
              "sg-017a1baa6179cffee"
            ]
          },
          "sensitive_attributes": [],
          "private": "eyJlMmJmYjczMC1lY2FhLTExZTYtOGY4OC0zNDM2M2JjN2M0YzAiOnsiY3JlYXRlIjoyNDAwMDAwMDAwMDAwLCJkZWxldGUiOjM2MDAwMDAwMDAwMDAsInVwZGF0ZSI6NDgwMDAwMDAwMDAwMH0sInNjaGVtYV92ZXJzaW9uIjoiMiJ9",
          "dependencies": [
            "aws_db_subnet_group.wp-db",
            "aws_security_group.wordpress-rds",
            "aws_subnet.PublicSubnet0",
            "aws_subnet.PublicSubnet1",
            "aws_vpc.vpc-eu-west-1-dev-web-app"
          ]
        }
      ]
    },
    {
      "mode": "managed",
      "type": "aws_db_subnet_group",
      "name": "wp-db",
      "provider": "provider[\"registry.terraform.io/hashicorp/aws\"]",
      "instances": [
        {
          "schema_version": 0,
          "attributes": {
            "arn": "arn:aws:rds:eu-west-1:934152901962:subgrp:wordpress-db-subnet-group",
            "description": "The subnet group for the RDS DB",
            "id": "wordpress-db-subnet-group",
            "name": "wordpress-db-subnet-group",
            "name_prefix": "",
            "subnet_ids": [
              "subnet-04b7ad328702975ea",
              "subnet-04dc08497303805b6"
            ],
            "supported_network_types": [
              "IPV4"
            ],
            "tags": {
              "Name": "DB-subnet-group"
            },
            "tags_all": {
              "Name": "DB-subnet-group"
            },
            "vpc_id": "vpc-01b7bd99132667f66"
          },
          "sensitive_attributes": [],
          "private": "bnVsbA==",
          "dependencies": [
            "aws_subnet.PublicSubnet0",
            "aws_subnet.PublicSubnet1",
            "aws_vpc.vpc-eu-west-1-dev-web-app"
          ]
        }
      ]
    },
    {
      "mode": "managed",
      "type": "aws_ecs_cluster",
      "name": "ecs-fargate-wordpress",
      "provider": "provider[\"registry.terraform.io/hashicorp/aws\"]",
      "instances": [
        {
          "schema_version": 0,
          "attributes": {
            "arn": "arn:aws:ecs:eu-west-1:934152901962:cluster/Wordpress-on-fargate",
            "configuration": [],
            "id": "arn:aws:ecs:eu-west-1:934152901962:cluster/Wordpress-on-fargate",
            "name": "Wordpress-on-fargate",
            "service_connect_defaults": [],
            "setting": [
              {
                "name": "containerInsights",
                "value": "disabled"
              }
            ],
            "tags": {},
            "tags_all": {}
          },
          "sensitive_attributes": [],
          "private": "bnVsbA=="
        }
      ]
    },
    {
      "mode": "managed",
      "type": "aws_ecs_service",
      "name": "ecs-wordpress-service",
      "provider": "provider[\"registry.terraform.io/hashicorp/aws\"]",
      "instances": [
        {
          "schema_version": 0,
          "attributes": {
            "alarms": [],
            "capacity_provider_strategy": [],
            "cluster": "arn:aws:ecs:eu-west-1:934152901962:cluster/Wordpress-on-fargate",
            "deployment_circuit_breaker": [
              {
                "enable": false,
                "rollback": false
              }
            ],
            "deployment_controller": [
              {
                "type": "ECS"
              }
            ],
            "deployment_maximum_percent": 100,
            "deployment_minimum_healthy_percent": 0,
            "desired_count": 2,
            "enable_ecs_managed_tags": false,
            "enable_execute_command": false,
            "force_new_deployment": null,
            "health_check_grace_period_seconds": 0,
            "iam_role": "/aws-service-role/ecs.amazonaws.com/AWSServiceRoleForECS",
            "id": "arn:aws:ecs:eu-west-1:934152901962:service/Wordpress-on-fargate/wof-efs-rw-service",
            "launch_type": "FARGATE",
            "load_balancer": [
              {
                "container_name": "wordpress",
                "container_port": 8080,
                "elb_name": "",
                "target_group_arn": "arn:aws:elasticloadbalancing:eu-west-1:934152901962:targetgroup/WordpressTargetGroup/2bf678a67a3f44e0"
              }
            ],
            "name": "wof-efs-rw-service",
            "network_configuration": [
              {
                "assign_public_ip": false,
                "security_groups": [
                  "sg-0ad2115064b314036"
                ],
                "subnets": [
                  "subnet-0a97d86f769a7edc8",
                  "subnet-0df5724c65482efe3"
                ]
              }
            ],
            "ordered_placement_strategy": [],
            "placement_constraints": [],
            "platform_version": "1.4.0",
            "propagate_tags": "NONE",
            "scheduling_strategy": "REPLICA",
            "service_connect_configuration": [],
            "service_registries": [],
            "tags": {},
            "tags_all": {},
            "task_definition": "arn:aws:ecs:eu-west-1:934152901962:task-definition/service:15",
            "timeouts": null,
            "triggers": {},
            "wait_for_steady_state": false
          },
          "sensitive_attributes": [],
          "private": "eyJlMmJmYjczMC1lY2FhLTExZTYtOGY4OC0zNDM2M2JjN2M0YzAiOnsiY3JlYXRlIjoxMjAwMDAwMDAwMDAwLCJkZWxldGUiOjEyMDAwMDAwMDAwMDAsInVwZGF0ZSI6MTIwMDAwMDAwMDAwMH19",
          "dependencies": [
            "aws_alb_target_group.wordpress-target-group",
            "aws_db_instance.wp-db1",
            "aws_db_subnet_group.wp-db",
            "aws_ecs_cluster.ecs-fargate-wordpress",
            "aws_ecs_task_definition.wordpress",
            "aws_efs_access_point.efs_access_point",
            "aws_efs_file_system.wordpress",
            "aws_security_group.ecs_service_sg",
            "aws_security_group.wordpress-rds",
            "aws_subnet.PrivateSubnet0",
            "aws_subnet.PrivateSubnet1",
            "aws_subnet.PublicSubnet0",
            "aws_subnet.PublicSubnet1",
            "aws_vpc.vpc-eu-west-1-dev-web-app",
            "data.aws_iam_role.ecs_task_execution_role"
          ]
        }
      ]
    },
    {
      "mode": "managed",
      "type": "aws_ecs_task_definition",
      "name": "wordpress",
      "provider": "provider[\"registry.terraform.io/hashicorp/aws\"]",
      "instances": [
        {
          "schema_version": 1,
          "attributes": {
            "arn": "arn:aws:ecs:eu-west-1:934152901962:task-definition/service:15",
            "arn_without_revision": "arn:aws:ecs:eu-west-1:934152901962:task-definition/service",
            "container_definitions": "[{\"cpu\":0,\"environment\":[{\"name\":\"ALLOW_EMPTY_PASSWORD\",\"value\":\"yes\"},{\"name\":\"MARIADB_HOST\",\"value\":\"wp-db-1.cvugyuaq2px3.eu-west-1.rds.amazonaws.com\"},{\"name\":\"PHP_MEMORY_LIMIT\",\"value\":\"512M\"},{\"name\":\"WORDPRESS_DATABASE_NAME\",\"value\":\"wordpress\"},{\"name\":\"WORDPRESS_DATABASE_PASSWORD\",\"value\":\"bitnami_password\"},{\"name\":\"WORDPRESS_DATABASE_USER\",\"value\":\"bitnami\"},{\"name\":\"enabled\",\"value\":\"false\"}],\"essential\":true,\"image\":\"public.ecr.aws/bitnami/wordpress:latest\",\"logConfiguration\":{\"logDriver\":\"awslogs\",\"options\":{\"awslogs-create-group\":\"true\",\"awslogs-group\":\"wordpress-container\",\"awslogs-region\":\"eu-west-1\",\"awslogs-stream-prefix\":\"wordpress\"}},\"mountPoints\":[],\"name\":\"wordpress\",\"portMappings\":[{\"containerPort\":8080,\"hostPort\":8080,\"protocol\":\"tcp\"}],\"volumesFrom\":[]}]",
            "cpu": "1024",
            "ephemeral_storage": [],
            "execution_role_arn": "arn:aws:iam::934152901962:role/ecsTaskExecutionRole",
            "family": "service",
            "id": "service",
            "inference_accelerator": [],
            "ipc_mode": "",
            "memory": "3072",
            "network_mode": "awsvpc",
            "pid_mode": "",
            "placement_constraints": [],
            "proxy_configuration": [],
            "requires_compatibilities": [
              "FARGATE"
            ],
            "revision": 15,
            "runtime_platform": [],
            "skip_destroy": false,
            "tags": {},
            "tags_all": {},
            "task_role_arn": "",
            "volume": [
              {
                "docker_volume_configuration": [],
                "efs_volume_configuration": [
                  {
                    "authorization_config": [
                      {
                        "access_point_id": "fsap-01b7a6f1c80d74eeb",
                        "iam": "DISABLED"
                      }
                    ],
                    "file_system_id": "fs-06c5200ff582acced",
                    "root_directory": "/",
                    "transit_encryption": "ENABLED",
                    "transit_encryption_port": 0
                  }
                ],
                "fsx_windows_file_server_volume_configuration": [],
                "host_path": "",
                "name": "wordpress"
              }
            ]
          },
          "sensitive_attributes": [],
          "private": "eyJzY2hlbWFfdmVyc2lvbiI6IjEifQ==",
          "dependencies": [
            "aws_db_instance.wp-db1",
            "aws_db_subnet_group.wp-db",
            "aws_efs_access_point.efs_access_point",
            "aws_efs_file_system.wordpress",
            "aws_security_group.wordpress-rds",
            "aws_subnet.PublicSubnet0",
            "aws_subnet.PublicSubnet1",
            "aws_vpc.vpc-eu-west-1-dev-web-app",
            "data.aws_iam_role.ecs_task_execution_role"
          ]
        }
      ]
    },
    {
      "mode": "managed",
      "type": "aws_efs_access_point",
      "name": "efs_access_point",
      "provider": "provider[\"registry.terraform.io/hashicorp/aws\"]",
      "instances": [
        {
          "schema_version": 0,
          "attributes": {
            "arn": "arn:aws:elasticfilesystem:eu-west-1:934152901962:access-point/fsap-01b7a6f1c80d74eeb",
            "file_system_arn": "arn:aws:elasticfilesystem:eu-west-1:934152901962:file-system/fs-06c5200ff582acced",
            "file_system_id": "fs-06c5200ff582acced",
            "id": "fsap-01b7a6f1c80d74eeb",
            "owner_id": "934152901962",
            "posix_user": [
              {
                "gid": 1000,
                "secondary_gids": [],
                "uid": 1000
              }
            ],
            "root_directory": [
              {
                "creation_info": [
                  {
                    "owner_gid": 1000,
                    "owner_uid": 1000,
                    "permissions": "777"
                  }
                ],
                "path": "/bitnami"
              }
            ],
            "tags": {},
            "tags_all": {}
          },
          "sensitive_attributes": [],
          "private": "bnVsbA==",
          "dependencies": [
            "aws_efs_file_system.wordpress"
          ]
        }
      ]
    },
    {
      "mode": "managed",
      "type": "aws_efs_file_system",
      "name": "wordpress",
      "provider": "provider[\"registry.terraform.io/hashicorp/aws\"]",
      "instances": [
        {
          "schema_version": 0,
          "attributes": {
            "arn": "arn:aws:elasticfilesystem:eu-west-1:934152901962:file-system/fs-06c5200ff582acced",
            "availability_zone_id": "",
            "availability_zone_name": "",
            "creation_token": "driesmaes.be",
            "dns_name": "fs-06c5200ff582acced.efs.eu-west-1.amazonaws.com",
            "encrypted": false,
            "id": "fs-06c5200ff582acced",
            "kms_key_id": "",
            "lifecycle_policy": [],
            "name": "driesmaes.be",
            "number_of_mount_targets": 2,
            "owner_id": "934152901962",
            "performance_mode": "generalPurpose",
            "protection": [
              {
                "replication_overwrite": "ENABLED"
              }
            ],
            "provisioned_throughput_in_mibps": 0,
            "size_in_bytes": [
              {
                "value": 6144,
                "value_in_ia": 0,
                "value_in_standard": 6144
              }
            ],
            "tags": {
              "Name": "driesmaes.be"
            },
            "tags_all": {
              "Name": "driesmaes.be"
            },
            "throughput_mode": "bursting"
          },
          "sensitive_attributes": [],
          "private": "bnVsbA=="
        }
      ]
    },
    {
      "mode": "managed",
      "type": "aws_efs_mount_target",
      "name": "efs_mount_target_1",
      "provider": "provider[\"registry.terraform.io/hashicorp/aws\"]",
      "instances": [
        {
          "schema_version": 0,
          "attributes": {
            "availability_zone_id": "euw1-az3",
            "availability_zone_name": "eu-west-1a",
            "dns_name": "fs-06c5200ff582acced.efs.eu-west-1.amazonaws.com",
            "file_system_arn": "arn:aws:elasticfilesystem:eu-west-1:934152901962:file-system/fs-06c5200ff582acced",
            "file_system_id": "fs-06c5200ff582acced",
            "id": "fsmt-0124f47a2a25d8ccd",
            "ip_address": "10.0.2.173",
            "mount_target_dns_name": "eu-west-1a.fs-06c5200ff582acced.efs.eu-west-1.amazonaws.com",
            "network_interface_id": "eni-0ee5e163c60aae010",
            "owner_id": "934152901962",
            "security_groups": [
              "sg-0dd4572bf13350de2"
            ],
            "subnet_id": "subnet-0a97d86f769a7edc8",
            "timeouts": null
          },
          "sensitive_attributes": [],
          "private": "eyJlMmJmYjczMC1lY2FhLTExZTYtOGY4OC0zNDM2M2JjN2M0YzAiOnsiY3JlYXRlIjoxODAwMDAwMDAwMDAwLCJkZWxldGUiOjYwMDAwMDAwMDAwMH19",
          "dependencies": [
            "aws_efs_file_system.wordpress",
            "aws_security_group.mount_target_sg",
            "aws_subnet.PrivateSubnet0",
            "aws_vpc.vpc-eu-west-1-dev-web-app"
          ]
        }
      ]
    },
    {
      "mode": "managed",
      "type": "aws_efs_mount_target",
      "name": "efs_mount_target_2",
      "provider": "provider[\"registry.terraform.io/hashicorp/aws\"]",
      "instances": [
        {
          "schema_version": 0,
          "attributes": {
            "availability_zone_id": "euw1-az1",
            "availability_zone_name": "eu-west-1b",
            "dns_name": "fs-06c5200ff582acced.efs.eu-west-1.amazonaws.com",
            "file_system_arn": "arn:aws:elasticfilesystem:eu-west-1:934152901962:file-system/fs-06c5200ff582acced",
            "file_system_id": "fs-06c5200ff582acced",
            "id": "fsmt-07f639edf99313cf1",
            "ip_address": "10.0.3.7",
            "mount_target_dns_name": "eu-west-1b.fs-06c5200ff582acced.efs.eu-west-1.amazonaws.com",
            "network_interface_id": "eni-01ec3bb4ecf5eee00",
            "owner_id": "934152901962",
            "security_groups": [
              "sg-0dd4572bf13350de2"
            ],
            "subnet_id": "subnet-0df5724c65482efe3",
            "timeouts": null
          },
          "sensitive_attributes": [],
          "private": "eyJlMmJmYjczMC1lY2FhLTExZTYtOGY4OC0zNDM2M2JjN2M0YzAiOnsiY3JlYXRlIjoxODAwMDAwMDAwMDAwLCJkZWxldGUiOjYwMDAwMDAwMDAwMH19",
          "dependencies": [
            "aws_efs_file_system.wordpress",
            "aws_security_group.mount_target_sg",
            "aws_subnet.PrivateSubnet1",
            "aws_vpc.vpc-eu-west-1-dev-web-app"
          ]
        }
      ]
    },
    {
      "mode": "managed",
      "type": "aws_eip",
      "name": "IP1",
      "provider": "provider[\"registry.terraform.io/hashicorp/aws\"]",
      "instances": [
        {
          "schema_version": 0,
          "attributes": {
            "address": null,
            "allocation_id": "eipalloc-0a8f1cc016d06bfea",
            "associate_with_private_ip": null,
            "association_id": "eipassoc-0118efbd99dda7134",
            "carrier_ip": "",
            "customer_owned_ip": "",
            "customer_owned_ipv4_pool": "",
            "domain": "vpc",
            "id": "eipalloc-0a8f1cc016d06bfea",
            "instance": "",
            "network_border_group": "eu-west-1",
            "network_interface": "eni-08cf1066573cabaad",
            "private_dns": "ip-10-0-0-162.eu-west-1.compute.internal",
            "private_ip": "10.0.0.162",
            "public_dns": "ec2-52-18-77-69.eu-west-1.compute.amazonaws.com",
            "public_ip": "52.18.77.69",
            "public_ipv4_pool": "amazon",
            "tags": {},
            "tags_all": {},
            "timeouts": null,
            "vpc": true
          },
          "sensitive_attributes": [],
          "private": "eyJlMmJmYjczMC1lY2FhLTExZTYtOGY4OC0zNDM2M2JjN2M0YzAiOnsiZGVsZXRlIjoxODAwMDAwMDAwMDAsInJlYWQiOjkwMDAwMDAwMDAwMCwidXBkYXRlIjozMDAwMDAwMDAwMDB9fQ=="
        }
      ]
    },
    {
      "mode": "managed",
      "type": "aws_eip",
      "name": "IP2",
      "provider": "provider[\"registry.terraform.io/hashicorp/aws\"]",
      "instances": [
        {
          "schema_version": 0,
          "attributes": {
            "address": null,
            "allocation_id": "eipalloc-09fa93743945f2b1a",
            "associate_with_private_ip": null,
            "association_id": "eipassoc-025666848d4544791",
            "carrier_ip": "",
            "customer_owned_ip": "",
            "customer_owned_ipv4_pool": "",
            "domain": "vpc",
            "id": "eipalloc-09fa93743945f2b1a",
            "instance": "",
            "network_border_group": "eu-west-1",
            "network_interface": "eni-02f1a935a33631584",
            "private_dns": "ip-10-0-1-36.eu-west-1.compute.internal",
            "private_ip": "10.0.1.36",
            "public_dns": "ec2-34-255-163-236.eu-west-1.compute.amazonaws.com",
            "public_ip": "34.255.163.236",
            "public_ipv4_pool": "amazon",
            "tags": {},
            "tags_all": {},
            "timeouts": null,
            "vpc": true
          },
          "sensitive_attributes": [],
          "private": "eyJlMmJmYjczMC1lY2FhLTExZTYtOGY4OC0zNDM2M2JjN2M0YzAiOnsiZGVsZXRlIjoxODAwMDAwMDAwMDAsInJlYWQiOjkwMDAwMDAwMDAwMCwidXBkYXRlIjozMDAwMDAwMDAwMDB9fQ=="
        }
      ]
    },
    {
      "mode": "managed",
      "type": "aws_internet_gateway",
      "name": "vpc-eu-west-1-dev-web-app-IGW",
      "provider": "provider[\"registry.terraform.io/hashicorp/aws\"]",
      "instances": [
        {
          "schema_version": 0,
          "attributes": {
            "arn": "arn:aws:ec2:eu-west-1:934152901962:internet-gateway/igw-0e71309e6cc1d6fbc",
            "id": "igw-0e71309e6cc1d6fbc",
            "owner_id": "934152901962",
            "tags": {
              "Name": "vpc-eu-west-1-dev-web-app-IGW"
            },
            "tags_all": {
              "Name": "vpc-eu-west-1-dev-web-app-IGW"
            },
            "timeouts": null,
            "vpc_id": "vpc-01b7bd99132667f66"
          },
          "sensitive_attributes": [],
          "private": "eyJlMmJmYjczMC1lY2FhLTExZTYtOGY4OC0zNDM2M2JjN2M0YzAiOnsiY3JlYXRlIjoxMjAwMDAwMDAwMDAwLCJkZWxldGUiOjEyMDAwMDAwMDAwMDAsInVwZGF0ZSI6MTIwMDAwMDAwMDAwMH19",
          "dependencies": [
            "aws_vpc.vpc-eu-west-1-dev-web-app"
          ]
        }
      ]
    },
    {
      "mode": "managed",
      "type": "aws_nat_gateway",
      "name": "public_nat1",
      "provider": "provider[\"registry.terraform.io/hashicorp/aws\"]",
      "instances": [
        {
          "schema_version": 0,
          "attributes": {
            "allocation_id": "eipalloc-0a8f1cc016d06bfea",
            "association_id": "eipassoc-0118efbd99dda7134",
            "connectivity_type": "public",
            "id": "nat-00bdfe6e73695379b",
            "network_interface_id": "eni-08cf1066573cabaad",
            "private_ip": "10.0.0.162",
            "public_ip": "52.18.77.69",
            "secondary_allocation_ids": [],
            "secondary_private_ip_address_count": 0,
            "secondary_private_ip_addresses": [],
            "subnet_id": "subnet-04b7ad328702975ea",
            "tags": {},
            "tags_all": {},
            "timeouts": null
          },
          "sensitive_attributes": [],
          "private": "eyJlMmJmYjczMC1lY2FhLTExZTYtOGY4OC0zNDM2M2JjN2M0YzAiOnsiY3JlYXRlIjo2MDAwMDAwMDAwMDAsImRlbGV0ZSI6MTgwMDAwMDAwMDAwMCwidXBkYXRlIjo2MDAwMDAwMDAwMDB9fQ==",
          "dependencies": [
            "aws_eip.IP1",
            "aws_subnet.PublicSubnet0",
            "aws_vpc.vpc-eu-west-1-dev-web-app"
          ]
        }
      ]
    },
    {
      "mode": "managed",
      "type": "aws_nat_gateway",
      "name": "public_nat2",
      "provider": "provider[\"registry.terraform.io/hashicorp/aws\"]",
      "instances": [
        {
          "schema_version": 0,
          "attributes": {
            "allocation_id": "eipalloc-09fa93743945f2b1a",
            "association_id": "eipassoc-025666848d4544791",
            "connectivity_type": "public",
            "id": "nat-0cd60b6a00a801eea",
            "network_interface_id": "eni-02f1a935a33631584",
            "private_ip": "10.0.1.36",
            "public_ip": "34.255.163.236",
            "secondary_allocation_ids": [],
            "secondary_private_ip_address_count": 0,
            "secondary_private_ip_addresses": [],
            "subnet_id": "subnet-04dc08497303805b6",
            "tags": {},
            "tags_all": {},
            "timeouts": null
          },
          "sensitive_attributes": [],
          "private": "eyJlMmJmYjczMC1lY2FhLTExZTYtOGY4OC0zNDM2M2JjN2M0YzAiOnsiY3JlYXRlIjo2MDAwMDAwMDAwMDAsImRlbGV0ZSI6MTgwMDAwMDAwMDAwMCwidXBkYXRlIjo2MDAwMDAwMDAwMDB9fQ==",
          "dependencies": [
            "aws_eip.IP2",
            "aws_subnet.PublicSubnet1",
            "aws_vpc.vpc-eu-west-1-dev-web-app"
          ]
        }
      ]
    },
    {
      "mode": "managed",
      "type": "aws_network_acl",
      "name": "public",
      "provider": "provider[\"registry.terraform.io/hashicorp/aws\"]",
      "instances": [
        {
          "schema_version": 0,
          "attributes": {
            "arn": "arn:aws:ec2:eu-west-1:934152901962:network-acl/acl-0b35c26f6be6b3727",
            "egress": [
              {
                "action": "allow",
                "cidr_block": "0.0.0.0/0",
                "from_port": 0,
                "icmp_code": 0,
                "icmp_type": 0,
                "ipv6_cidr_block": "",
                "protocol": "-1",
                "rule_no": 100,
                "to_port": 0
              }
            ],
            "id": "acl-0b35c26f6be6b3727",
            "ingress": [
              {
                "action": "allow",
                "cidr_block": "0.0.0.0/0",
                "from_port": 0,
                "icmp_code": 0,
                "icmp_type": 0,
                "ipv6_cidr_block": "",
                "protocol": "-1",
                "rule_no": 100,
                "to_port": 0
              }
            ],
            "owner_id": "934152901962",
            "subnet_ids": [
              "subnet-04b7ad328702975ea",
              "subnet-04dc08497303805b6"
            ],
            "tags": {
              "Application": "Wordpress-on-Fargate",
              "Name": "vpc-eu-west-1-dev-web-app-public-nacl",
              "Network": "Public"
            },
            "tags_all": {
              "Application": "Wordpress-on-Fargate",
              "Name": "vpc-eu-west-1-dev-web-app-public-nacl",
              "Network": "Public"
            },
            "vpc_id": "vpc-01b7bd99132667f66"
          },
          "sensitive_attributes": [],
          "private": "bnVsbA==",
          "dependencies": [
            "aws_subnet.PublicSubnet0",
            "aws_subnet.PublicSubnet1",
            "aws_vpc.vpc-eu-west-1-dev-web-app"
          ]
        }
      ]
    },
    {
      "mode": "managed",
      "type": "aws_network_acl_rule",
      "name": "egress",
      "provider": "provider[\"registry.terraform.io/hashicorp/aws\"]",
      "instances": [
        {
          "schema_version": 0,
          "attributes": {
            "cidr_block": "0.0.0.0/0",
            "egress": true,
            "from_port": 0,
            "icmp_code": null,
            "icmp_type": null,
            "id": "nacl-3275693370",
            "ipv6_cidr_block": "",
            "network_acl_id": "acl-0b35c26f6be6b3727",
            "protocol": "-1",
            "rule_action": "allow",
            "rule_number": 100,
            "to_port": 65535
          },
          "sensitive_attributes": [],
          "private": "bnVsbA==",
          "dependencies": [
            "aws_network_acl.public",
            "aws_subnet.PublicSubnet0",
            "aws_subnet.PublicSubnet1",
            "aws_vpc.vpc-eu-west-1-dev-web-app"
          ]
        }
      ]
    },
    {
      "mode": "managed",
      "type": "aws_network_acl_rule",
      "name": "ingress",
      "provider": "provider[\"registry.terraform.io/hashicorp/aws\"]",
      "instances": [
        {
          "schema_version": 0,
          "attributes": {
            "cidr_block": "0.0.0.0/0",
            "egress": false,
            "from_port": 0,
            "icmp_code": null,
            "icmp_type": null,
            "id": "nacl-3858653714",
            "ipv6_cidr_block": "",
            "network_acl_id": "acl-0b35c26f6be6b3727",
            "protocol": "-1",
            "rule_action": "allow",
            "rule_number": 100,
            "to_port": 65535
          },
          "sensitive_attributes": [],
          "private": "bnVsbA==",
          "dependencies": [
            "aws_network_acl.public",
            "aws_subnet.PublicSubnet0",
            "aws_subnet.PublicSubnet1",
            "aws_vpc.vpc-eu-west-1-dev-web-app"
          ]
        }
      ]
    },
    {
      "mode": "managed",
      "type": "aws_route_table",
      "name": "private1",
      "provider": "provider[\"registry.terraform.io/hashicorp/aws\"]",
      "instances": [
        {
          "schema_version": 0,
          "attributes": {
            "arn": "arn:aws:ec2:eu-west-1:934152901962:route-table/rtb-03c23d7e75538462f",
            "id": "rtb-03c23d7e75538462f",
            "owner_id": "934152901962",
            "propagating_vgws": [],
            "route": [
              {
                "carrier_gateway_id": "",
                "cidr_block": "0.0.0.0/0",
                "core_network_arn": "",
                "destination_prefix_list_id": "",
                "egress_only_gateway_id": "",
                "gateway_id": "nat-00bdfe6e73695379b",
                "ipv6_cidr_block": "",
                "local_gateway_id": "",
                "nat_gateway_id": "",
                "network_interface_id": "",
                "transit_gateway_id": "",
                "vpc_endpoint_id": "",
                "vpc_peering_connection_id": ""
              }
            ],
            "tags": {
              "Name": "vpc-eu-west-1-dev-web-app-private-route-table-1"
            },
            "tags_all": {
              "Name": "vpc-eu-west-1-dev-web-app-private-route-table-1"
            },
            "timeouts": null,
            "vpc_id": "vpc-01b7bd99132667f66"
          },
          "sensitive_attributes": [],
          "private": "eyJlMmJmYjczMC1lY2FhLTExZTYtOGY4OC0zNDM2M2JjN2M0YzAiOnsiY3JlYXRlIjozMDAwMDAwMDAwMDAsImRlbGV0ZSI6MzAwMDAwMDAwMDAwLCJ1cGRhdGUiOjEyMDAwMDAwMDAwMH19",
          "dependencies": [
            "aws_eip.IP1",
            "aws_nat_gateway.public_nat1",
            "aws_subnet.PublicSubnet0",
            "aws_vpc.vpc-eu-west-1-dev-web-app"
          ]
        }
      ]
    },
    {
      "mode": "managed",
      "type": "aws_route_table",
      "name": "private2",
      "provider": "provider[\"registry.terraform.io/hashicorp/aws\"]",
      "instances": [
        {
          "schema_version": 0,
          "attributes": {
            "arn": "arn:aws:ec2:eu-west-1:934152901962:route-table/rtb-031759bfe10b4ccad",
            "id": "rtb-031759bfe10b4ccad",
            "owner_id": "934152901962",
            "propagating_vgws": [],
            "route": [
              {
                "carrier_gateway_id": "",
                "cidr_block": "0.0.0.0/0",
                "core_network_arn": "",
                "destination_prefix_list_id": "",
                "egress_only_gateway_id": "",
                "gateway_id": "nat-0cd60b6a00a801eea",
                "ipv6_cidr_block": "",
                "local_gateway_id": "",
                "nat_gateway_id": "",
                "network_interface_id": "",
                "transit_gateway_id": "",
                "vpc_endpoint_id": "",
                "vpc_peering_connection_id": ""
              }
            ],
            "tags": {
              "Name": "vpc-eu-west-1-dev-web-app-private-route-table-2"
            },
            "tags_all": {
              "Name": "vpc-eu-west-1-dev-web-app-private-route-table-2"
            },
            "timeouts": null,
            "vpc_id": "vpc-01b7bd99132667f66"
          },
          "sensitive_attributes": [],
          "private": "eyJlMmJmYjczMC1lY2FhLTExZTYtOGY4OC0zNDM2M2JjN2M0YzAiOnsiY3JlYXRlIjozMDAwMDAwMDAwMDAsImRlbGV0ZSI6MzAwMDAwMDAwMDAwLCJ1cGRhdGUiOjEyMDAwMDAwMDAwMH19",
          "dependencies": [
            "aws_eip.IP2",
            "aws_nat_gateway.public_nat2",
            "aws_subnet.PublicSubnet1",
            "aws_vpc.vpc-eu-west-1-dev-web-app"
          ]
        }
      ]
    },
    {
      "mode": "managed",
      "type": "aws_route_table",
      "name": "public",
      "provider": "provider[\"registry.terraform.io/hashicorp/aws\"]",
      "instances": [
        {
          "schema_version": 0,
          "attributes": {
            "arn": "arn:aws:ec2:eu-west-1:934152901962:route-table/rtb-0ce4fe5955c406189",
            "id": "rtb-0ce4fe5955c406189",
            "owner_id": "934152901962",
            "propagating_vgws": [],
            "route": [
              {
                "carrier_gateway_id": "",
                "cidr_block": "0.0.0.0/0",
                "core_network_arn": "",
                "destination_prefix_list_id": "",
                "egress_only_gateway_id": "",
                "gateway_id": "igw-0e71309e6cc1d6fbc",
                "ipv6_cidr_block": "",
                "local_gateway_id": "",
                "nat_gateway_id": "",
                "network_interface_id": "",
                "transit_gateway_id": "",
                "vpc_endpoint_id": "",
                "vpc_peering_connection_id": ""
              }
            ],
            "tags": {
              "Application": "Wordpress-on-Fargate",
              "Name": "vpc-eu-west-1-dev-web-app-public-route-table",
              "Network": "Public"
            },
            "tags_all": {
              "Application": "Wordpress-on-Fargate",
              "Name": "vpc-eu-west-1-dev-web-app-public-route-table",
              "Network": "Public"
            },
            "timeouts": null,
            "vpc_id": "vpc-01b7bd99132667f66"
          },
          "sensitive_attributes": [],
          "private": "eyJlMmJmYjczMC1lY2FhLTExZTYtOGY4OC0zNDM2M2JjN2M0YzAiOnsiY3JlYXRlIjozMDAwMDAwMDAwMDAsImRlbGV0ZSI6MzAwMDAwMDAwMDAwLCJ1cGRhdGUiOjEyMDAwMDAwMDAwMH19",
          "dependencies": [
            "aws_internet_gateway.vpc-eu-west-1-dev-web-app-IGW",
            "aws_vpc.vpc-eu-west-1-dev-web-app"
          ]
        }
      ]
    },
    {
      "mode": "managed",
      "type": "aws_route_table_association",
      "name": "private0",
      "provider": "provider[\"registry.terraform.io/hashicorp/aws\"]",
      "instances": [
        {
          "schema_version": 0,
          "attributes": {
            "gateway_id": "",
            "id": "rtbassoc-05f4e76744a67674f",
            "route_table_id": "rtb-03c23d7e75538462f",
            "subnet_id": "subnet-0a97d86f769a7edc8",
            "timeouts": null
          },
          "sensitive_attributes": [],
          "private": "eyJlMmJmYjczMC1lY2FhLTExZTYtOGY4OC0zNDM2M2JjN2M0YzAiOnsiY3JlYXRlIjozMDAwMDAwMDAwMDAsImRlbGV0ZSI6MzAwMDAwMDAwMDAwLCJ1cGRhdGUiOjEyMDAwMDAwMDAwMH19",
          "dependencies": [
            "aws_eip.IP1",
            "aws_nat_gateway.public_nat1",
            "aws_route_table.private1",
            "aws_subnet.PrivateSubnet0",
            "aws_subnet.PublicSubnet0",
            "aws_vpc.vpc-eu-west-1-dev-web-app"
          ]
        }
      ]
    },
    {
      "mode": "managed",
      "type": "aws_route_table_association",
      "name": "private1",
      "provider": "provider[\"registry.terraform.io/hashicorp/aws\"]",
      "instances": [
        {
          "schema_version": 0,
          "attributes": {
            "gateway_id": "",
            "id": "rtbassoc-09ce58febe40db4b2",
            "route_table_id": "rtb-031759bfe10b4ccad",
            "subnet_id": "subnet-0df5724c65482efe3",
            "timeouts": null
          },
          "sensitive_attributes": [],
          "private": "eyJlMmJmYjczMC1lY2FhLTExZTYtOGY4OC0zNDM2M2JjN2M0YzAiOnsiY3JlYXRlIjozMDAwMDAwMDAwMDAsImRlbGV0ZSI6MzAwMDAwMDAwMDAwLCJ1cGRhdGUiOjEyMDAwMDAwMDAwMH19",
          "dependencies": [
            "aws_eip.IP2",
            "aws_nat_gateway.public_nat2",
            "aws_route_table.private2",
            "aws_subnet.PrivateSubnet1",
            "aws_subnet.PublicSubnet1",
            "aws_vpc.vpc-eu-west-1-dev-web-app"
          ]
        }
      ]
    },
    {
      "mode": "managed",
      "type": "aws_route_table_association",
      "name": "public0",
      "provider": "provider[\"registry.terraform.io/hashicorp/aws\"]",
      "instances": [
        {
          "schema_version": 0,
          "attributes": {
            "gateway_id": "",
            "id": "rtbassoc-08f3842bfc2139a38",
            "route_table_id": "rtb-0ce4fe5955c406189",
            "subnet_id": "subnet-04b7ad328702975ea",
            "timeouts": null
          },
          "sensitive_attributes": [],
          "private": "eyJlMmJmYjczMC1lY2FhLTExZTYtOGY4OC0zNDM2M2JjN2M0YzAiOnsiY3JlYXRlIjozMDAwMDAwMDAwMDAsImRlbGV0ZSI6MzAwMDAwMDAwMDAwLCJ1cGRhdGUiOjEyMDAwMDAwMDAwMH19",
          "dependencies": [
            "aws_internet_gateway.vpc-eu-west-1-dev-web-app-IGW",
            "aws_route_table.public",
            "aws_subnet.PublicSubnet0",
            "aws_vpc.vpc-eu-west-1-dev-web-app"
          ]
        }
      ]
    },
    {
      "mode": "managed",
      "type": "aws_route_table_association",
      "name": "public1",
      "provider": "provider[\"registry.terraform.io/hashicorp/aws\"]",
      "instances": [
        {
          "schema_version": 0,
          "attributes": {
            "gateway_id": "",
            "id": "rtbassoc-023e01808139cddc0",
            "route_table_id": "rtb-0ce4fe5955c406189",
            "subnet_id": "subnet-04dc08497303805b6",
            "timeouts": null
          },
          "sensitive_attributes": [],
          "private": "eyJlMmJmYjczMC1lY2FhLTExZTYtOGY4OC0zNDM2M2JjN2M0YzAiOnsiY3JlYXRlIjozMDAwMDAwMDAwMDAsImRlbGV0ZSI6MzAwMDAwMDAwMDAwLCJ1cGRhdGUiOjEyMDAwMDAwMDAwMH19",
          "dependencies": [
            "aws_internet_gateway.vpc-eu-west-1-dev-web-app-IGW",
            "aws_route_table.public",
            "aws_subnet.PublicSubnet1",
            "aws_vpc.vpc-eu-west-1-dev-web-app"
          ]
        }
      ]
    },
    {
      "mode": "managed",
      "type": "aws_security_group",
      "name": "ALB",
      "provider": "provider[\"registry.terraform.io/hashicorp/aws\"]",
      "instances": [
        {
          "schema_version": 1,
          "attributes": {
            "arn": "arn:aws:ec2:eu-west-1:934152901962:security-group/sg-05f673bb4c9e00f06",
            "description": "ALB Security Group",
            "egress": [
              {
                "cidr_blocks": [],
                "description": "",
                "from_port": 8080,
                "ipv6_cidr_blocks": [],
                "prefix_list_ids": [],
                "protocol": "tcp",
                "security_groups": [
                  "sg-0ad2115064b314036"
                ],
                "self": false,
                "to_port": 8080
              }
            ],
            "id": "sg-05f673bb4c9e00f06",
            "ingress": [
              {
                "cidr_blocks": [
                  "0.0.0.0/0"
                ],
                "description": "",
                "from_port": 80,
                "ipv6_cidr_blocks": [],
                "prefix_list_ids": [],
                "protocol": "tcp",
                "security_groups": [],
                "self": false,
                "to_port": 80
              }
            ],
            "name": "wordpress-alb-sg",
            "name_prefix": "",
            "owner_id": "934152901962",
            "revoke_rules_on_delete": false,
            "tags": {},
            "tags_all": {},
            "timeouts": null,
            "vpc_id": "vpc-01b7bd99132667f66"
          },
          "sensitive_attributes": [],
          "private": "eyJlMmJmYjczMC1lY2FhLTExZTYtOGY4OC0zNDM2M2JjN2M0YzAiOnsiY3JlYXRlIjo2MDAwMDAwMDAwMDAsImRlbGV0ZSI6OTAwMDAwMDAwMDAwfSwic2NoZW1hX3ZlcnNpb24iOiIxIn0=",
          "dependencies": [
            "aws_vpc.vpc-eu-west-1-dev-web-app"
          ]
        }
      ]
    },
    {
      "mode": "managed",
      "type": "aws_security_group",
      "name": "ecs_service_sg",
      "provider": "provider[\"registry.terraform.io/hashicorp/aws\"]",
      "instances": [
        {
          "schema_version": 1,
          "attributes": {
            "arn": "arn:aws:ec2:eu-west-1:934152901962:security-group/sg-0ad2115064b314036",
            "description": "Security Group for ECS Service",
            "egress": [
              {
                "cidr_blocks": [
                  "0.0.0.0/0"
                ],
                "description": "",
                "from_port": 0,
                "ipv6_cidr_blocks": [],
                "prefix_list_ids": [],
                "protocol": "-1",
                "security_groups": [],
                "self": false,
                "to_port": 0
              },
              {
                "cidr_blocks": [
                  "0.0.0.0/0"
                ],
                "description": "",
                "from_port": 443,
                "ipv6_cidr_blocks": [],
                "prefix_list_ids": [],
                "protocol": "tcp",
                "security_groups": [],
                "self": false,
                "to_port": 443
              },
              {
                "cidr_blocks": [],
                "description": "",
                "from_port": 3306,
                "ipv6_cidr_blocks": [],
                "prefix_list_ids": [],
                "protocol": "tcp",
                "security_groups": [
                  "sg-017a1baa6179cffee"
                ],
                "self": false,
                "to_port": 3306
              }
            ],
            "id": "sg-0ad2115064b314036",
            "ingress": [
              {
                "cidr_blocks": [],
                "description": "",
                "from_port": 22,
                "ipv6_cidr_blocks": [],
                "prefix_list_ids": [],
                "protocol": "tcp",
                "security_groups": [
                  "sg-05f673bb4c9e00f06"
                ],
                "self": false,
                "to_port": 22
              },
              {
                "cidr_blocks": [],
                "description": "",
                "from_port": 443,
                "ipv6_cidr_blocks": [],
                "prefix_list_ids": [],
                "protocol": "tcp",
                "security_groups": [
                  "sg-05f673bb4c9e00f06"
                ],
                "self": false,
                "to_port": 443
              },
              {
                "cidr_blocks": [],
                "description": "",
                "from_port": 8080,
                "ipv6_cidr_blocks": [],
                "prefix_list_ids": [],
                "protocol": "tcp",
                "security_groups": [
                  "sg-05f673bb4c9e00f06"
                ],
                "self": false,
                "to_port": 8080
              },
              {
                "cidr_blocks": [],
                "description": "",
                "from_port": 80,
                "ipv6_cidr_blocks": [],
                "prefix_list_ids": [],
                "protocol": "tcp",
                "security_groups": [
                  "sg-05f673bb4c9e00f06"
                ],
                "self": false,
                "to_port": 80
              }
            ],
            "name": "Svc-Wordpress-on-Fargate",
            "name_prefix": "",
            "owner_id": "934152901962",
            "revoke_rules_on_delete": false,
            "tags": {},
            "tags_all": {},
            "timeouts": null,
            "vpc_id": "vpc-01b7bd99132667f66"
          },
          "sensitive_attributes": [],
          "private": "eyJlMmJmYjczMC1lY2FhLTExZTYtOGY4OC0zNDM2M2JjN2M0YzAiOnsiY3JlYXRlIjo2MDAwMDAwMDAwMDAsImRlbGV0ZSI6OTAwMDAwMDAwMDAwfSwic2NoZW1hX3ZlcnNpb24iOiIxIn0=",
          "dependencies": [
            "aws_vpc.vpc-eu-west-1-dev-web-app"
          ]
        }
      ]
    },
    {
      "mode": "managed",
      "type": "aws_security_group",
      "name": "mount_target_sg",
      "provider": "provider[\"registry.terraform.io/hashicorp/aws\"]",
      "instances": [
        {
          "schema_version": 1,
          "attributes": {
            "arn": "arn:aws:ec2:eu-west-1:934152901962:security-group/sg-0dd4572bf13350de2",
            "description": "FileSystem Security Group",
            "egress": [],
            "id": "sg-0dd4572bf13350de2",
            "ingress": [
              {
                "cidr_blocks": [
                  "10.0.0.0/16"
                ],
                "description": "",
                "from_port": 2049,
                "ipv6_cidr_blocks": [],
                "prefix_list_ids": [],
                "protocol": "tcp",
                "security_groups": [],
                "self": false,
                "to_port": 2049
              }
            ],
            "name": "Wordpress-EFS-SG",
            "name_prefix": "",
            "owner_id": "934152901962",
            "revoke_rules_on_delete": false,
            "tags": {},
            "tags_all": {},
            "timeouts": null,
            "vpc_id": "vpc-01b7bd99132667f66"
          },
          "sensitive_attributes": [],
          "private": "eyJlMmJmYjczMC1lY2FhLTExZTYtOGY4OC0zNDM2M2JjN2M0YzAiOnsiY3JlYXRlIjo2MDAwMDAwMDAwMDAsImRlbGV0ZSI6OTAwMDAwMDAwMDAwfSwic2NoZW1hX3ZlcnNpb24iOiIxIn0=",
          "dependencies": [
            "aws_vpc.vpc-eu-west-1-dev-web-app"
          ]
        }
      ]
    },
    {
      "mode": "managed",
      "type": "aws_security_group",
      "name": "wordpress-rds",
      "provider": "provider[\"registry.terraform.io/hashicorp/aws\"]",
      "instances": [
        {
          "schema_version": 1,
          "attributes": {
            "arn": "arn:aws:ec2:eu-west-1:934152901962:security-group/sg-017a1baa6179cffee",
            "description": "RDS Security Group",
            "egress": [],
            "id": "sg-017a1baa6179cffee",
            "ingress": [
              {
                "cidr_blocks": [],
                "description": "",
                "from_port": 3306,
                "ipv6_cidr_blocks": [],
                "prefix_list_ids": [],
                "protocol": "tcp",
                "security_groups": [
                  "sg-0ad2115064b314036"
                ],
                "self": false,
                "to_port": 3306
              }
            ],
            "name": "Wordpress-RDS-SG",
            "name_prefix": "",
            "owner_id": "934152901962",
            "revoke_rules_on_delete": false,
            "tags": {},
            "tags_all": {},
            "timeouts": null,
            "vpc_id": "vpc-01b7bd99132667f66"
          },
          "sensitive_attributes": [],
          "private": "eyJlMmJmYjczMC1lY2FhLTExZTYtOGY4OC0zNDM2M2JjN2M0YzAiOnsiY3JlYXRlIjo2MDAwMDAwMDAwMDAsImRlbGV0ZSI6OTAwMDAwMDAwMDAwfSwic2NoZW1hX3ZlcnNpb24iOiIxIn0=",
          "dependencies": [
            "aws_vpc.vpc-eu-west-1-dev-web-app"
          ]
        }
      ]
    },
    {
      "mode": "managed",
      "type": "aws_security_group_rule",
      "name": "AllowHTTPS2FetchImage",
      "provider": "provider[\"registry.terraform.io/hashicorp/aws\"]",
      "instances": [
        {
          "schema_version": 2,
          "attributes": {
            "cidr_blocks": [
              "0.0.0.0/0"
            ],
            "description": "",
            "from_port": 443,
            "id": "sgrule-3411095398",
            "ipv6_cidr_blocks": null,
            "prefix_list_ids": null,
            "protocol": "tcp",
            "security_group_id": "sg-0ad2115064b314036",
            "security_group_rule_id": "sgr-0e43defe095ec2e66",
            "self": false,
            "source_security_group_id": null,
            "timeouts": null,
            "to_port": 443,
            "type": "egress"
          },
          "sensitive_attributes": [],
          "private": "eyJlMmJmYjczMC1lY2FhLTExZTYtOGY4OC0zNDM2M2JjN2M0YzAiOnsiY3JlYXRlIjozMDAwMDAwMDAwMDB9LCJzY2hlbWFfdmVyc2lvbiI6IjIifQ==",
          "dependencies": [
            "aws_security_group.ecs_service_sg",
            "aws_vpc.vpc-eu-west-1-dev-web-app"
          ]
        }
      ]
    },
    {
      "mode": "managed",
      "type": "aws_security_group_rule",
      "name": "AllowUDP2FetchImage",
      "provider": "provider[\"registry.terraform.io/hashicorp/aws\"]",
      "instances": [
        {
          "schema_version": 2,
          "attributes": {
            "cidr_blocks": [
              "0.0.0.0/0"
            ],
            "description": "",
            "from_port": 0,
            "id": "sgrule-3777431013",
            "ipv6_cidr_blocks": null,
            "prefix_list_ids": null,
            "protocol": "-1",
            "security_group_id": "sg-0ad2115064b314036",
            "security_group_rule_id": "sgr-056de6e38ea5baae0",
            "self": false,
            "source_security_group_id": null,
            "timeouts": null,
            "to_port": 0,
            "type": "egress"
          },
          "sensitive_attributes": [],
          "private": "eyJlMmJmYjczMC1lY2FhLTExZTYtOGY4OC0zNDM2M2JjN2M0YzAiOnsiY3JlYXRlIjozMDAwMDAwMDAwMDB9LCJzY2hlbWFfdmVyc2lvbiI6IjIifQ==",
          "dependencies": [
            "aws_security_group.ecs_service_sg",
            "aws_vpc.vpc-eu-west-1-dev-web-app"
          ]
        }
      ]
    },
    {
      "mode": "managed",
      "type": "aws_security_group_rule",
      "name": "HTTPFromAnywhere",
      "provider": "provider[\"registry.terraform.io/hashicorp/aws\"]",
      "instances": [
        {
          "schema_version": 2,
          "attributes": {
            "cidr_blocks": null,
            "description": "",
            "from_port": 80,
            "id": "sgrule-576449985",
            "ipv6_cidr_blocks": null,
            "prefix_list_ids": null,
            "protocol": "tcp",
            "security_group_id": "sg-0ad2115064b314036",
            "security_group_rule_id": "sgr-06c804e0b1dc103e7",
            "self": false,
            "source_security_group_id": "sg-05f673bb4c9e00f06",
            "timeouts": null,
            "to_port": 80,
            "type": "ingress"
          },
          "sensitive_attributes": [],
          "private": "eyJlMmJmYjczMC1lY2FhLTExZTYtOGY4OC0zNDM2M2JjN2M0YzAiOnsiY3JlYXRlIjozMDAwMDAwMDAwMDB9LCJzY2hlbWFfdmVyc2lvbiI6IjIifQ==",
          "dependencies": [
            "aws_security_group.ALB",
            "aws_security_group.ecs_service_sg",
            "aws_vpc.vpc-eu-west-1-dev-web-app"
          ]
        }
      ]
    },
    {
      "mode": "managed",
      "type": "aws_security_group_rule",
      "name": "HTTPSFromAnywhere",
      "provider": "provider[\"registry.terraform.io/hashicorp/aws\"]",
      "instances": [
        {
          "schema_version": 2,
          "attributes": {
            "cidr_blocks": null,
            "description": "",
            "from_port": 443,
            "id": "sgrule-2491495375",
            "ipv6_cidr_blocks": null,
            "prefix_list_ids": null,
            "protocol": "tcp",
            "security_group_id": "sg-0ad2115064b314036",
            "security_group_rule_id": "sgr-03a61dc979c466191",
            "self": false,
            "source_security_group_id": "sg-05f673bb4c9e00f06",
            "timeouts": null,
            "to_port": 443,
            "type": "ingress"
          },
          "sensitive_attributes": [],
          "private": "eyJlMmJmYjczMC1lY2FhLTExZTYtOGY4OC0zNDM2M2JjN2M0YzAiOnsiY3JlYXRlIjozMDAwMDAwMDAwMDB9LCJzY2hlbWFfdmVyc2lvbiI6IjIifQ==",
          "dependencies": [
            "aws_security_group.ALB",
            "aws_security_group.ecs_service_sg",
            "aws_vpc.vpc-eu-west-1-dev-web-app"
          ]
        }
      ]
    },
    {
      "mode": "managed",
      "type": "aws_security_group_rule",
      "name": "SSHFromAnywhere",
      "provider": "provider[\"registry.terraform.io/hashicorp/aws\"]",
      "instances": [
        {
          "schema_version": 2,
          "attributes": {
            "cidr_blocks": null,
            "description": "",
            "from_port": 22,
            "id": "sgrule-3076879305",
            "ipv6_cidr_blocks": null,
            "prefix_list_ids": null,
            "protocol": "tcp",
            "security_group_id": "sg-0ad2115064b314036",
            "security_group_rule_id": "sgr-0a8ef1f65fbb37e1e",
            "self": false,
            "source_security_group_id": "sg-05f673bb4c9e00f06",
            "timeouts": null,
            "to_port": 22,
            "type": "ingress"
          },
          "sensitive_attributes": [],
          "private": "eyJlMmJmYjczMC1lY2FhLTExZTYtOGY4OC0zNDM2M2JjN2M0YzAiOnsiY3JlYXRlIjozMDAwMDAwMDAwMDB9LCJzY2hlbWFfdmVyc2lvbiI6IjIifQ==",
          "dependencies": [
            "aws_security_group.ALB",
            "aws_security_group.ecs_service_sg",
            "aws_vpc.vpc-eu-west-1-dev-web-app"
          ]
        }
      ]
    },
    {
      "mode": "managed",
      "type": "aws_security_group_rule",
      "name": "acceptALBTraffic",
      "provider": "provider[\"registry.terraform.io/hashicorp/aws\"]",
      "instances": [
        {
          "schema_version": 2,
          "attributes": {
            "cidr_blocks": null,
            "description": "",
            "from_port": 8080,
            "id": "sgrule-2659415537",
            "ipv6_cidr_blocks": null,
            "prefix_list_ids": null,
            "protocol": "tcp",
            "security_group_id": "sg-0ad2115064b314036",
            "security_group_rule_id": "sgr-0ecf9d37c3b2af1d9",
            "self": false,
            "source_security_group_id": "sg-05f673bb4c9e00f06",
            "timeouts": null,
            "to_port": 8080,
            "type": "ingress"
          },
          "sensitive_attributes": [],
          "private": "eyJlMmJmYjczMC1lY2FhLTExZTYtOGY4OC0zNDM2M2JjN2M0YzAiOnsiY3JlYXRlIjozMDAwMDAwMDAwMDB9LCJzY2hlbWFfdmVyc2lvbiI6IjIifQ==",
          "dependencies": [
            "aws_security_group.ALB",
            "aws_security_group.ecs_service_sg",
            "aws_vpc.vpc-eu-west-1-dev-web-app"
          ]
        }
      ]
    },
    {
      "mode": "managed",
      "type": "aws_security_group_rule",
      "name": "acceptTrafficFromRDS",
      "provider": "provider[\"registry.terraform.io/hashicorp/aws\"]",
      "instances": [
        {
          "schema_version": 2,
          "attributes": {
            "cidr_blocks": null,
            "description": "",
            "from_port": 3306,
            "id": "sgrule-2904868331",
            "ipv6_cidr_blocks": null,
            "prefix_list_ids": null,
            "protocol": "tcp",
            "security_group_id": "sg-0ad2115064b314036",
            "security_group_rule_id": "sgr-0376d7f841428d0d9",
            "self": false,
            "source_security_group_id": "sg-017a1baa6179cffee",
            "timeouts": null,
            "to_port": 3306,
            "type": "egress"
          },
          "sensitive_attributes": [],
          "private": "eyJlMmJmYjczMC1lY2FhLTExZTYtOGY4OC0zNDM2M2JjN2M0YzAiOnsiY3JlYXRlIjozMDAwMDAwMDAwMDB9LCJzY2hlbWFfdmVyc2lvbiI6IjIifQ==",
          "dependencies": [
            "aws_security_group.ecs_service_sg",
            "aws_security_group.wordpress-rds",
            "aws_vpc.vpc-eu-west-1-dev-web-app"
          ]
        }
      ]
    },
    {
      "mode": "managed",
      "type": "aws_security_group_rule",
      "name": "acceptTrafficFromTask",
      "provider": "provider[\"registry.terraform.io/hashicorp/aws\"]",
      "instances": [
        {
          "schema_version": 2,
          "attributes": {
            "cidr_blocks": null,
            "description": "",
            "from_port": 3306,
            "id": "sgrule-257698120",
            "ipv6_cidr_blocks": null,
            "prefix_list_ids": null,
            "protocol": "tcp",
            "security_group_id": "sg-017a1baa6179cffee",
            "security_group_rule_id": "sgr-0d2ef95930e09d5cb",
            "self": false,
            "source_security_group_id": "sg-0ad2115064b314036",
            "timeouts": null,
            "to_port": 3306,
            "type": "ingress"
          },
          "sensitive_attributes": [],
          "private": "eyJlMmJmYjczMC1lY2FhLTExZTYtOGY4OC0zNDM2M2JjN2M0YzAiOnsiY3JlYXRlIjozMDAwMDAwMDAwMDB9LCJzY2hlbWFfdmVyc2lvbiI6IjIifQ==",
          "dependencies": [
            "aws_security_group.ecs_service_sg",
            "aws_security_group.wordpress-rds",
            "aws_vpc.vpc-eu-west-1-dev-web-app"
          ]
        }
      ]
    },
    {
      "mode": "managed",
      "type": "aws_security_group_rule",
      "name": "sometestfuck",
      "provider": "provider[\"registry.terraform.io/hashicorp/aws\"]",
      "instances": [
        {
          "schema_version": 2,
          "attributes": {
            "cidr_blocks": null,
            "description": "",
            "from_port": 8080,
            "id": "sgrule-2002945868",
            "ipv6_cidr_blocks": null,
            "prefix_list_ids": null,
            "protocol": "tcp",
            "security_group_id": "sg-05f673bb4c9e00f06",
            "security_group_rule_id": "sgr-061e033679a686cdf",
            "self": false,
            "source_security_group_id": "sg-0ad2115064b314036",
            "timeouts": null,
            "to_port": 8080,
            "type": "egress"
          },
          "sensitive_attributes": [],
          "private": "eyJlMmJmYjczMC1lY2FhLTExZTYtOGY4OC0zNDM2M2JjN2M0YzAiOnsiY3JlYXRlIjozMDAwMDAwMDAwMDB9LCJzY2hlbWFfdmVyc2lvbiI6IjIifQ==",
          "dependencies": [
            "aws_security_group.ALB",
            "aws_security_group.ecs_service_sg",
            "aws_vpc.vpc-eu-west-1-dev-web-app"
          ]
        }
      ]
    },
    {
      "mode": "managed",
      "type": "aws_subnet",
      "name": "PrivateSubnet0",
      "provider": "provider[\"registry.terraform.io/hashicorp/aws\"]",
      "instances": [
        {
          "schema_version": 1,
          "attributes": {
            "arn": "arn:aws:ec2:eu-west-1:934152901962:subnet/subnet-0a97d86f769a7edc8",
            "assign_ipv6_address_on_creation": false,
            "availability_zone": "eu-west-1a",
            "availability_zone_id": "euw1-az3",
            "cidr_block": "10.0.2.0/24",
            "customer_owned_ipv4_pool": "",
            "enable_dns64": false,
            "enable_lni_at_device_index": 0,
            "enable_resource_name_dns_a_record_on_launch": false,
            "enable_resource_name_dns_aaaa_record_on_launch": false,
            "id": "subnet-0a97d86f769a7edc8",
            "ipv6_cidr_block": "",
            "ipv6_cidr_block_association_id": "",
            "ipv6_native": false,
            "map_customer_owned_ip_on_launch": false,
            "map_public_ip_on_launch": false,
            "outpost_arn": "",
            "owner_id": "934152901962",
            "private_dns_hostname_type_on_launch": "ip-name",
            "tags": {
              "Application": "Wordpress-on-Fargate",
              "Name": "vpc-eu-west-1-dev-web-app-private-a",
              "Network": "Private"
            },
            "tags_all": {
              "Application": "Wordpress-on-Fargate",
              "Name": "vpc-eu-west-1-dev-web-app-private-a",
              "Network": "Private"
            },
            "timeouts": null,
            "vpc_id": "vpc-01b7bd99132667f66"
          },
          "sensitive_attributes": [],
          "private": "eyJlMmJmYjczMC1lY2FhLTExZTYtOGY4OC0zNDM2M2JjN2M0YzAiOnsiY3JlYXRlIjo2MDAwMDAwMDAwMDAsImRlbGV0ZSI6MTIwMDAwMDAwMDAwMH0sInNjaGVtYV92ZXJzaW9uIjoiMSJ9",
          "dependencies": [
            "aws_vpc.vpc-eu-west-1-dev-web-app"
          ]
        }
      ]
    },
    {
      "mode": "managed",
      "type": "aws_subnet",
      "name": "PrivateSubnet1",
      "provider": "provider[\"registry.terraform.io/hashicorp/aws\"]",
      "instances": [
        {
          "schema_version": 1,
          "attributes": {
            "arn": "arn:aws:ec2:eu-west-1:934152901962:subnet/subnet-0df5724c65482efe3",
            "assign_ipv6_address_on_creation": false,
            "availability_zone": "eu-west-1b",
            "availability_zone_id": "euw1-az1",
            "cidr_block": "10.0.3.0/24",
            "customer_owned_ipv4_pool": "",
            "enable_dns64": false,
            "enable_lni_at_device_index": 0,
            "enable_resource_name_dns_a_record_on_launch": false,
            "enable_resource_name_dns_aaaa_record_on_launch": false,
            "id": "subnet-0df5724c65482efe3",
            "ipv6_cidr_block": "",
            "ipv6_cidr_block_association_id": "",
            "ipv6_native": false,
            "map_customer_owned_ip_on_launch": false,
            "map_public_ip_on_launch": false,
            "outpost_arn": "",
            "owner_id": "934152901962",
            "private_dns_hostname_type_on_launch": "ip-name",
            "tags": {
              "Application": "Wordpress-on-Fargate",
              "Name": "vpc-eu-west-1-dev-web-app-private-b",
              "Network": "Private"
            },
            "tags_all": {
              "Application": "Wordpress-on-Fargate",
              "Name": "vpc-eu-west-1-dev-web-app-private-b",
              "Network": "Private"
            },
            "timeouts": null,
            "vpc_id": "vpc-01b7bd99132667f66"
          },
          "sensitive_attributes": [],
          "private": "eyJlMmJmYjczMC1lY2FhLTExZTYtOGY4OC0zNDM2M2JjN2M0YzAiOnsiY3JlYXRlIjo2MDAwMDAwMDAwMDAsImRlbGV0ZSI6MTIwMDAwMDAwMDAwMH0sInNjaGVtYV92ZXJzaW9uIjoiMSJ9",
          "dependencies": [
            "aws_vpc.vpc-eu-west-1-dev-web-app"
          ]
        }
      ]
    },
    {
      "mode": "managed",
      "type": "aws_subnet",
      "name": "PublicSubnet0",
      "provider": "provider[\"registry.terraform.io/hashicorp/aws\"]",
      "instances": [
        {
          "schema_version": 1,
          "attributes": {
            "arn": "arn:aws:ec2:eu-west-1:934152901962:subnet/subnet-04b7ad328702975ea",
            "assign_ipv6_address_on_creation": false,
            "availability_zone": "eu-west-1a",
            "availability_zone_id": "euw1-az3",
            "cidr_block": "10.0.0.0/24",
            "customer_owned_ipv4_pool": "",
            "enable_dns64": false,
            "enable_lni_at_device_index": 0,
            "enable_resource_name_dns_a_record_on_launch": false,
            "enable_resource_name_dns_aaaa_record_on_launch": false,
            "id": "subnet-04b7ad328702975ea",
            "ipv6_cidr_block": "",
            "ipv6_cidr_block_association_id": "",
            "ipv6_native": false,
            "map_customer_owned_ip_on_launch": false,
            "map_public_ip_on_launch": true,
            "outpost_arn": "",
            "owner_id": "934152901962",
            "private_dns_hostname_type_on_launch": "ip-name",
            "tags": {
              "Application": "Wordpress-on-Fargate",
              "Name": "vpc-eu-west-1-dev-web-app-public-a",
              "Network": "Public"
            },
            "tags_all": {
              "Application": "Wordpress-on-Fargate",
              "Name": "vpc-eu-west-1-dev-web-app-public-a",
              "Network": "Public"
            },
            "timeouts": null,
            "vpc_id": "vpc-01b7bd99132667f66"
          },
          "sensitive_attributes": [],
          "private": "eyJlMmJmYjczMC1lY2FhLTExZTYtOGY4OC0zNDM2M2JjN2M0YzAiOnsiY3JlYXRlIjo2MDAwMDAwMDAwMDAsImRlbGV0ZSI6MTIwMDAwMDAwMDAwMH0sInNjaGVtYV92ZXJzaW9uIjoiMSJ9",
          "dependencies": [
            "aws_vpc.vpc-eu-west-1-dev-web-app"
          ]
        }
      ]
    },
    {
      "mode": "managed",
      "type": "aws_subnet",
      "name": "PublicSubnet1",
      "provider": "provider[\"registry.terraform.io/hashicorp/aws\"]",
      "instances": [
        {
          "schema_version": 1,
          "attributes": {
            "arn": "arn:aws:ec2:eu-west-1:934152901962:subnet/subnet-04dc08497303805b6",
            "assign_ipv6_address_on_creation": false,
            "availability_zone": "eu-west-1b",
            "availability_zone_id": "euw1-az1",
            "cidr_block": "10.0.1.0/24",
            "customer_owned_ipv4_pool": "",
            "enable_dns64": false,
            "enable_lni_at_device_index": 0,
            "enable_resource_name_dns_a_record_on_launch": false,
            "enable_resource_name_dns_aaaa_record_on_launch": false,
            "id": "subnet-04dc08497303805b6",
            "ipv6_cidr_block": "",
            "ipv6_cidr_block_association_id": "",
            "ipv6_native": false,
            "map_customer_owned_ip_on_launch": false,
            "map_public_ip_on_launch": true,
            "outpost_arn": "",
            "owner_id": "934152901962",
            "private_dns_hostname_type_on_launch": "ip-name",
            "tags": {
              "Application": "Wordpress-on-Fargate",
              "Name": "vpc-eu-west-1-dev-web-app-public-b",
              "Network": "Public"
            },
            "tags_all": {
              "Application": "Wordpress-on-Fargate",
              "Name": "vpc-eu-west-1-dev-web-app-public-b",
              "Network": "Public"
            },
            "timeouts": null,
            "vpc_id": "vpc-01b7bd99132667f66"
          },
          "sensitive_attributes": [],
          "private": "eyJlMmJmYjczMC1lY2FhLTExZTYtOGY4OC0zNDM2M2JjN2M0YzAiOnsiY3JlYXRlIjo2MDAwMDAwMDAwMDAsImRlbGV0ZSI6MTIwMDAwMDAwMDAwMH0sInNjaGVtYV92ZXJzaW9uIjoiMSJ9",
          "dependencies": [
            "aws_vpc.vpc-eu-west-1-dev-web-app"
          ]
        }
      ]
    },
    {
      "mode": "managed",
      "type": "aws_vpc",
      "name": "vpc-eu-west-1-dev-web-app",
      "provider": "provider[\"registry.terraform.io/hashicorp/aws\"]",
      "instances": [
        {
          "schema_version": 1,
          "attributes": {
            "arn": "arn:aws:ec2:eu-west-1:934152901962:vpc/vpc-01b7bd99132667f66",
            "assign_generated_ipv6_cidr_block": false,
            "cidr_block": "10.0.0.0/16",
            "default_network_acl_id": "acl-0b41817f17fc74d87",
            "default_route_table_id": "rtb-069b2ddefb5bc0e65",
            "default_security_group_id": "sg-09776f5eb65c07f1a",
            "dhcp_options_id": "dopt-0bd48d6d",
            "enable_dns_hostnames": true,
            "enable_dns_support": true,
            "enable_network_address_usage_metrics": false,
            "id": "vpc-01b7bd99132667f66",
            "instance_tenancy": "default",
            "ipv4_ipam_pool_id": null,
            "ipv4_netmask_length": null,
            "ipv6_association_id": "",
            "ipv6_cidr_block": "",
            "ipv6_cidr_block_network_border_group": "",
            "ipv6_ipam_pool_id": "",
            "ipv6_netmask_length": 0,
            "main_route_table_id": "rtb-069b2ddefb5bc0e65",
            "owner_id": "934152901962",
            "tags": {
              "Application": "Wordpress-on-Fargate",
              "Name": "vpc-eu-west-1-dev-web-app",
              "Network": "Public"
            },
            "tags_all": {
              "Application": "Wordpress-on-Fargate",
              "Name": "vpc-eu-west-1-dev-web-app",
              "Network": "Public"
            }
          },
          "sensitive_attributes": [],
          "private": "eyJzY2hlbWFfdmVyc2lvbiI6IjEifQ=="
        }
      ]
    }
  ],
  "check_results": null
}
